
Microsoft Visual Studio Solution File, Format Version 12.00
# Visual Studio Version 17
VisualStudioVersion = 17.0.32014.148
MinimumVisualStudioVersion = 10.0.40219.1
Project("{FAE04EC0-301F-11D3-BF4B-00C04F79EFBC}") = "kursovi zadachi", "kursovi zadachi\kursovi zadachi.csproj", "{DAF8258D-92FB-4466-B338-4D5461004CC3}"
EndProject
Global
	GlobalSection(SolutionConfigurationPlatforms) = preSolution
		Debug|Any CPU = Debug|Any CPU
		Release|Any CPU = Release|Any CPU
	EndGlobalSection
	GlobalSection(ProjectConfigurationPlatforms) = postSolution
		{DAF8258D-92FB-4466-B338-4D5461004CC3}.Debug|Any CPU.ActiveCfg = Debug|Any CPU
		{DAF8258D-92FB-4466-B338-4D5461004CC3}.Debug|Any CPU.Build.0 = Debug|Any CPU
		{DAF8258D-92FB-4466-B338-4D5461004CC3}.Release|Any CPU.ActiveCfg = Release|Any CPU
		{DAF8258D-92FB-4466-B338-4D5461004CC3}.Release|Any CPU.Build.0 = Release|Any CPU
	EndGlobalSection
	GlobalSection(SolutionProperties) = preSolution
		HideSolutionNode = FALSE
	EndGlobalSection
	GlobalSection(ExtensibilityGlobals) = postSolution
		SolutionGuid = {F3F7E174-F80A-4330-AAAB-BC2BBC90B97F}
	EndGlobalSection
EndGlobal
