
Microsoft Visual Studio Solution File, Format Version 12.00
# Visual Studio Version 17
VisualStudioVersion = 17.3.32901.215
MinimumVisualStudioVersion = 10.0.40219.1
Project("{FAE04EC0-301F-11D3-BF4B-00C04F79EFBC}") = "zadacha 4", "zadacha 4\zadacha 4.csproj", "{2D0615E9-A705-4F7E-B898-C0558E0D57B5}"
EndProject
Global
	GlobalSection(SolutionConfigurationPlatforms) = preSolution
		Debug|Any CPU = Debug|Any CPU
		Release|Any CPU = Release|Any CPU
	EndGlobalSection
	GlobalSection(ProjectConfigurationPlatforms) = postSolution
		{2D0615E9-A705-4F7E-B898-C0558E0D57B5}.Debug|Any CPU.ActiveCfg = Debug|Any CPU
		{2D0615E9-A705-4F7E-B898-C0558E0D57B5}.Debug|Any CPU.Build.0 = Debug|Any CPU
		{2D0615E9-A705-4F7E-B898-C0558E0D57B5}.Release|Any CPU.ActiveCfg = Release|Any CPU
		{2D0615E9-A705-4F7E-B898-C0558E0D57B5}.Release|Any CPU.Build.0 = Release|Any CPU
	EndGlobalSection
	GlobalSection(SolutionProperties) = preSolution
		HideSolutionNode = FALSE
	EndGlobalSection
	GlobalSection(ExtensibilityGlobals) = postSolution
		SolutionGuid = {20BE46CE-91DA-408B-B636-130B72D2F981}
	EndGlobalSection
EndGlobal
